
Microsoft Visual Studio Solution File, Format Version 12.00
# Visual Studio 15
VisualStudioVersion = 15.0.28010.2041
MinimumVisualStudioVersion = 10.0.40219.1
Project("{8BC9CEB8-8B4A-11D0-8D11-00A0C91BC942}") = "MSBot", "MSBot.vcxproj", "{B201CFAC-7CF3-44A8-898C-0EE0AE953BFD}"
EndProject
Global
	GlobalSection(SolutionConfigurationPlatforms) = preSolution
		Debug|x64 = Debug|x64
		Debug|x86 = Debug|x86
		Release|x64 = Release|x64
		Release|x86 = Release|x86
	EndGlobalSection
	GlobalSection(ProjectConfigurationPlatforms) = postSolution
		{B201CFAC-7CF3-44A8-898C-0EE0AE953BFD}.Debug|x64.ActiveCfg = Debug|x64
		{B201CFAC-7CF3-44A8-898C-0EE0AE953BFD}.Debug|x64.Build.0 = Debug|x64
		{B201CFAC-7CF3-44A8-898C-0EE0AE953BFD}.Debug|x86.ActiveCfg = Debug|Win32
		{B201CFAC-7CF3-44A8-898C-0EE0AE953BFD}.Debug|x86.Build.0 = Debug|Win32
		{B201CFAC-7CF3-44A8-898C-0EE0AE953BFD}.Release|x64.ActiveCfg = Release|x64
		{B201CFAC-7CF3-44A8-898C-0EE0AE953BFD}.Release|x64.Build.0 = Release|x64
		{B201CFAC-7CF3-44A8-898C-0EE0AE953BFD}.Release|x86.ActiveCfg = Release|Win32
		{B201CFAC-7CF3-44A8-898C-0EE0AE953BFD}.Release|x86.Build.0 = Release|Win32
	EndGlobalSection
	GlobalSection(SolutionProperties) = preSolution
		HideSolutionNode = FALSE
	EndGlobalSection
	GlobalSection(ExtensibilityGlobals) = postSolution
		SolutionGuid = {1218F790-BF4C-4706-88A5-79CC31E1A01D}
	EndGlobalSection
EndGlobal
